
Microsoft Visual Studio Solution File, Format Version 12.00
# Visual Studio Version 17
VisualStudioVersion = 17.11.35312.102
MinimumVisualStudioVersion = 10.0.40219.1
Project("{FAE04EC0-301F-11D3-BF4B-00C04F79EFBC}") = "EgitimKampi301.EntityLayer", "EgitimKampi301.EntityLayer\EgitimKampi301.EntityLayer.csproj", "{5278B58C-7D91-4118-A4B1-B7197E6CF83A}"
EndProject
Project("{FAE04EC0-301F-11D3-BF4B-00C04F79EFBC}") = "EgitimKampi301.DataAccessLayer", "EgitimKampi301.DataAccessLayer\EgitimKampi301.DataAccessLayer.csproj", "{ED82124C-0370-4A06-AAB5-0676CE685D13}"
EndProject
Project("{FAE04EC0-301F-11D3-BF4B-00C04F79EFBC}") = "EgitimKampi301.PresentationLayer1", "EgitimKampi301.PresentationLayer\EgitimKampi301.PresentationLayer1.csproj", "{8EB502C7-26A9-43D0-94EF-3AFA7716BFB0}"
EndProject
Project("{FAE04EC0-301F-11D3-BF4B-00C04F79EFBC}") = "EgitimKampi301.BusinessLayer", "EgitimKampi301.BusinessLayer\EgitimKampi301.BusinessLayer.csproj", "{7B9BA88C-5B0E-4759-9CC9-5181027AFEE5}"
EndProject
Global
	GlobalSection(SolutionConfigurationPlatforms) = preSolution
		Debug|Any CPU = Debug|Any CPU
		Release|Any CPU = Release|Any CPU
	EndGlobalSection
	GlobalSection(ProjectConfigurationPlatforms) = postSolution
		{5278B58C-7D91-4118-A4B1-B7197E6CF83A}.Debug|Any CPU.ActiveCfg = Debug|Any CPU
		{5278B58C-7D91-4118-A4B1-B7197E6CF83A}.Debug|Any CPU.Build.0 = Debug|Any CPU
		{5278B58C-7D91-4118-A4B1-B7197E6CF83A}.Release|Any CPU.ActiveCfg = Release|Any CPU
		{5278B58C-7D91-4118-A4B1-B7197E6CF83A}.Release|Any CPU.Build.0 = Release|Any CPU
		{ED82124C-0370-4A06-AAB5-0676CE685D13}.Debug|Any CPU.ActiveCfg = Debug|Any CPU
		{ED82124C-0370-4A06-AAB5-0676CE685D13}.Debug|Any CPU.Build.0 = Debug|Any CPU
		{ED82124C-0370-4A06-AAB5-0676CE685D13}.Release|Any CPU.ActiveCfg = Release|Any CPU
		{ED82124C-0370-4A06-AAB5-0676CE685D13}.Release|Any CPU.Build.0 = Release|Any CPU
		{8EB502C7-26A9-43D0-94EF-3AFA7716BFB0}.Debug|Any CPU.ActiveCfg = Debug|Any CPU
		{8EB502C7-26A9-43D0-94EF-3AFA7716BFB0}.Debug|Any CPU.Build.0 = Debug|Any CPU
		{8EB502C7-26A9-43D0-94EF-3AFA7716BFB0}.Release|Any CPU.ActiveCfg = Release|Any CPU
		{8EB502C7-26A9-43D0-94EF-3AFA7716BFB0}.Release|Any CPU.Build.0 = Release|Any CPU
		{7B9BA88C-5B0E-4759-9CC9-5181027AFEE5}.Debug|Any CPU.ActiveCfg = Debug|Any CPU
		{7B9BA88C-5B0E-4759-9CC9-5181027AFEE5}.Debug|Any CPU.Build.0 = Debug|Any CPU
		{7B9BA88C-5B0E-4759-9CC9-5181027AFEE5}.Release|Any CPU.ActiveCfg = Release|Any CPU
		{7B9BA88C-5B0E-4759-9CC9-5181027AFEE5}.Release|Any CPU.Build.0 = Release|Any CPU
	EndGlobalSection
	GlobalSection(SolutionProperties) = preSolution
		HideSolutionNode = FALSE
	EndGlobalSection
	GlobalSection(ExtensibilityGlobals) = postSolution
		SolutionGuid = {20FDFE2C-575A-4F64-A530-8D33C136F2C2}
	EndGlobalSection
EndGlobal
